
Microsoft Visual Studio Solution File, Format Version 12.00
# Visual Studio Version 17
VisualStudioVersion = 17.11.35312.102
MinimumVisualStudioVersion = 10.0.40219.1
Project("{FAE04EC0-301F-11D3-BF4B-00C04F79EFBC}") = "CSharpBasics", "CSharpBasics\CSharpBasics.csproj", "{885F5254-153A-4905-8F97-453C6B470935}"
EndProject
Project("{FAE04EC0-301F-11D3-BF4B-00C04F79EFBC}") = "ExceptionBasics", "Exceptions\ExceptionBasics.csproj", "{7909131B-5506-4CEF-BB74-4336668F1F8B}"
EndProject
Project("{FAE04EC0-301F-11D3-BF4B-00C04F79EFBC}") = "GenericsAndAsyncProgramming", "GenericsAndAsyncProgramming\GenericsAndAsyncProgramming.csproj", "{4222D215-54B6-48EC-B2DB-1A2F7EAE06C4}"
EndProject
Project("{FAE04EC0-301F-11D3-BF4B-00C04F79EFBC}") = "GarbageCollectionBasics", "GarbageCollectionBasics\GarbageCollectionBasics.csproj", "{0A20FDFE-E2E7-46D2-95F1-BB2F4C5EA5ED}"
EndProject
Project("{FAE04EC0-301F-11D3-BF4B-00C04F79EFBC}") = "ReflectionBasics", "ReflectionBasics\ReflectionBasics.csproj", "{F60F8EFB-AE77-4682-93C9-F5D3495785B5}"
EndProject
Project("{FAE04EC0-301F-11D3-BF4B-00C04F79EFBC}") = "SerializationBasics", "SerializationBasics\SerializationBasics.csproj", "{B2E5DCF4-2201-4D6F-BD73-0C3C8C228159}"
EndProject
Project("{FAE04EC0-301F-11D3-BF4B-00C04F79EFBC}") = "ThreadingBasics", "ThreadingBasics\ThreadingBasics.csproj", "{CAD5B1D3-5207-45E8-AC9D-E3F0C0C14F52}"
EndProject
Project("{FAE04EC0-301F-11D3-BF4B-00C04F79EFBC}") = "TaskBasics", "TaskBasics\TaskBasics.csproj", "{B1B72C35-CE4B-4977-A4FB-FCC50DD3A90F}"
EndProject
Project("{FAE04EC0-301F-11D3-BF4B-00C04F79EFBC}") = "AsyncBasics", "AsyncBasics\AsyncBasics.csproj", "{B828D821-CDFE-4B32-85B0-ECCC10E2F3CC}"
EndProject
Global
	GlobalSection(SolutionConfigurationPlatforms) = preSolution
		Debug|Any CPU = Debug|Any CPU
		Release|Any CPU = Release|Any CPU
	EndGlobalSection
	GlobalSection(ProjectConfigurationPlatforms) = postSolution
		{885F5254-153A-4905-8F97-453C6B470935}.Debug|Any CPU.ActiveCfg = Debug|Any CPU
		{885F5254-153A-4905-8F97-453C6B470935}.Debug|Any CPU.Build.0 = Debug|Any CPU
		{885F5254-153A-4905-8F97-453C6B470935}.Release|Any CPU.ActiveCfg = Release|Any CPU
		{885F5254-153A-4905-8F97-453C6B470935}.Release|Any CPU.Build.0 = Release|Any CPU
		{7909131B-5506-4CEF-BB74-4336668F1F8B}.Debug|Any CPU.ActiveCfg = Debug|Any CPU
		{7909131B-5506-4CEF-BB74-4336668F1F8B}.Debug|Any CPU.Build.0 = Debug|Any CPU
		{7909131B-5506-4CEF-BB74-4336668F1F8B}.Release|Any CPU.ActiveCfg = Release|Any CPU
		{7909131B-5506-4CEF-BB74-4336668F1F8B}.Release|Any CPU.Build.0 = Release|Any CPU
		{4222D215-54B6-48EC-B2DB-1A2F7EAE06C4}.Debug|Any CPU.ActiveCfg = Debug|Any CPU
		{4222D215-54B6-48EC-B2DB-1A2F7EAE06C4}.Debug|Any CPU.Build.0 = Debug|Any CPU
		{4222D215-54B6-48EC-B2DB-1A2F7EAE06C4}.Release|Any CPU.ActiveCfg = Release|Any CPU
		{4222D215-54B6-48EC-B2DB-1A2F7EAE06C4}.Release|Any CPU.Build.0 = Release|Any CPU
		{0A20FDFE-E2E7-46D2-95F1-BB2F4C5EA5ED}.Debug|Any CPU.ActiveCfg = Debug|Any CPU
		{0A20FDFE-E2E7-46D2-95F1-BB2F4C5EA5ED}.Debug|Any CPU.Build.0 = Debug|Any CPU
		{0A20FDFE-E2E7-46D2-95F1-BB2F4C5EA5ED}.Release|Any CPU.ActiveCfg = Release|Any CPU
		{0A20FDFE-E2E7-46D2-95F1-BB2F4C5EA5ED}.Release|Any CPU.Build.0 = Release|Any CPU
		{F60F8EFB-AE77-4682-93C9-F5D3495785B5}.Debug|Any CPU.ActiveCfg = Debug|Any CPU
		{F60F8EFB-AE77-4682-93C9-F5D3495785B5}.Debug|Any CPU.Build.0 = Debug|Any CPU
		{F60F8EFB-AE77-4682-93C9-F5D3495785B5}.Release|Any CPU.ActiveCfg = Release|Any CPU
		{F60F8EFB-AE77-4682-93C9-F5D3495785B5}.Release|Any CPU.Build.0 = Release|Any CPU
		{B2E5DCF4-2201-4D6F-BD73-0C3C8C228159}.Debug|Any CPU.ActiveCfg = Debug|Any CPU
		{B2E5DCF4-2201-4D6F-BD73-0C3C8C228159}.Debug|Any CPU.Build.0 = Debug|Any CPU
		{B2E5DCF4-2201-4D6F-BD73-0C3C8C228159}.Release|Any CPU.ActiveCfg = Release|Any CPU
		{B2E5DCF4-2201-4D6F-BD73-0C3C8C228159}.Release|Any CPU.Build.0 = Release|Any CPU
		{CAD5B1D3-5207-45E8-AC9D-E3F0C0C14F52}.Debug|Any CPU.ActiveCfg = Debug|Any CPU
		{CAD5B1D3-5207-45E8-AC9D-E3F0C0C14F52}.Debug|Any CPU.Build.0 = Debug|Any CPU
		{CAD5B1D3-5207-45E8-AC9D-E3F0C0C14F52}.Release|Any CPU.ActiveCfg = Release|Any CPU
		{CAD5B1D3-5207-45E8-AC9D-E3F0C0C14F52}.Release|Any CPU.Build.0 = Release|Any CPU
		{B1B72C35-CE4B-4977-A4FB-FCC50DD3A90F}.Debug|Any CPU.ActiveCfg = Debug|Any CPU
		{B1B72C35-CE4B-4977-A4FB-FCC50DD3A90F}.Debug|Any CPU.Build.0 = Debug|Any CPU
		{B1B72C35-CE4B-4977-A4FB-FCC50DD3A90F}.Release|Any CPU.ActiveCfg = Release|Any CPU
		{B1B72C35-CE4B-4977-A4FB-FCC50DD3A90F}.Release|Any CPU.Build.0 = Release|Any CPU
		{B828D821-CDFE-4B32-85B0-ECCC10E2F3CC}.Debug|Any CPU.ActiveCfg = Debug|Any CPU
		{B828D821-CDFE-4B32-85B0-ECCC10E2F3CC}.Debug|Any CPU.Build.0 = Debug|Any CPU
		{B828D821-CDFE-4B32-85B0-ECCC10E2F3CC}.Release|Any CPU.ActiveCfg = Release|Any CPU
		{B828D821-CDFE-4B32-85B0-ECCC10E2F3CC}.Release|Any CPU.Build.0 = Release|Any CPU
	EndGlobalSection
	GlobalSection(SolutionProperties) = preSolution
		HideSolutionNode = FALSE
	EndGlobalSection
	GlobalSection(ExtensibilityGlobals) = postSolution
		SolutionGuid = {0DB38742-C978-44D0-AAE4-747FD24DD0F4}
	EndGlobalSection
EndGlobal
